// !$*UTF8*$!
{
	archiveVersion = 1;
	classes = {
	};
	objectVersion = 56;
	objects = {

/* Begin PBXBuildFile section */
		910736452B4C67A30068D0F9 /* Item.swift in Sources */ = {isa = PBXBuildFile; fileRef = 910736442B4C67A30068D0F9 /* Item.swift */; };
		910736472B4C67A60068D0F9 /* Assets.xcassets in Resources */ = {isa = PBXBuildFile; fileRef = 910736462B4C67A60068D0F9 /* Assets.xcassets */; };
		9107364A2B4C67A60068D0F9 /* Preview Assets.xcassets in Resources */ = {isa = PBXBuildFile; fileRef = 910736492B4C67A60068D0F9 /* Preview Assets.xcassets */; };
		910736552B4C67A60068D0F9 /* ChatWindowTests.swift in Sources */ = {isa = PBXBuildFile; fileRef = 910736542B4C67A60068D0F9 /* ChatWindowTests.swift */; };
		9107365F2B4C67A60068D0F9 /* ChatWindowUITests.swift in Sources */ = {isa = PBXBuildFile; fileRef = 9107365E2B4C67A60068D0F9 /* ChatWindowUITests.swift */; };
		910736612B4C67A60068D0F9 /* ChatWindowUITestsLaunchTests.swift in Sources */ = {isa = PBXBuildFile; fileRef = 910736602B4C67A60068D0F9 /* ChatWindowUITestsLaunchTests.swift */; };
		910736782B4C68030068D0F9 /* MessageModel.swift in Sources */ = {isa = PBXBuildFile; fileRef = 910736702B4C68030068D0F9 /* MessageModel.swift */; };
		910736792B4C68030068D0F9 /* LectureSelection.swift in Sources */ = {isa = PBXBuildFile; fileRef = 910736712B4C68030068D0F9 /* LectureSelection.swift */; };
		9107367A2B4C68030068D0F9 /* MessageRowView.swift in Sources */ = {isa = PBXBuildFile; fileRef = 910736732B4C68030068D0F9 /* MessageRowView.swift */; };
		9107367B2B4C68030068D0F9 /* ContentView.swift in Sources */ = {isa = PBXBuildFile; fileRef = 910736742B4C68030068D0F9 /* ContentView.swift */; };
		9107367C2B4C68030068D0F9 /* iOSCustomSegmentedControlSwiftUI.swift in Sources */ = {isa = PBXBuildFile; fileRef = 910736752B4C68030068D0F9 /* iOSCustomSegmentedControlSwiftUI.swift */; };
		9107367D2B4C68030068D0F9 /* ChatViewModel.swift in Sources */ = {isa = PBXBuildFile; fileRef = 910736772B4C68030068D0F9 /* ChatViewModel.swift */; };
		910736802B4C68350068D0F9 /* Alamofire in Frameworks */ = {isa = PBXBuildFile; productRef = 9107367F2B4C68350068D0F9 /* Alamofire */; };
		910736832B4C68530068D0F9 /* ActivityIndicatorView in Frameworks */ = {isa = PBXBuildFile; productRef = 910736822B4C68530068D0F9 /* ActivityIndicatorView */; };
		910736852B4C740F0068D0F9 /* ChatWindowApp.swift in Sources */ = {isa = PBXBuildFile; fileRef = 910736842B4C740F0068D0F9 /* ChatWindowApp.swift */; };
/* End PBXBuildFile section */

/* Begin PBXContainerItemProxy section */
		910736512B4C67A60068D0F9 /* PBXContainerItemProxy */ = {
			isa = PBXContainerItemProxy;
			containerPortal = 910736352B4C67A30068D0F9 /* Project object */;
			proxyType = 1;
			remoteGlobalIDString = 9107363C2B4C67A30068D0F9;
			remoteInfo = ChatWindow;
		};
		9107365B2B4C67A60068D0F9 /* PBXContainerItemProxy */ = {
			isa = PBXContainerItemProxy;
			containerPortal = 910736352B4C67A30068D0F9 /* Project object */;
			proxyType = 1;
			remoteGlobalIDString = 9107363C2B4C67A30068D0F9;
			remoteInfo = ChatWindow;
		};
/* End PBXContainerItemProxy section */

/* Begin PBXFileReference section */
		9107363D2B4C67A30068D0F9 /* ChatWindow.app */ = {isa = PBXFileReference; explicitFileType = wrapper.application; includeInIndex = 0; path = ChatWindow.app; sourceTree = BUILT_PRODUCTS_DIR; };
		910736442B4C67A30068D0F9 /* Item.swift */ = {isa = PBXFileReference; lastKnownFileType = sourcecode.swift; path = Item.swift; sourceTree = "<group>"; };
		910736462B4C67A60068D0F9 /* Assets.xcassets */ = {isa = PBXFileReference; lastKnownFileType = folder.assetcatalog; path = Assets.xcassets; sourceTree = "<group>"; };
		910736492B4C67A60068D0F9 /* Preview Assets.xcassets */ = {isa = PBXFileReference; lastKnownFileType = folder.assetcatalog; path = "Preview Assets.xcassets"; sourceTree = "<group>"; };
		9107364B2B4C67A60068D0F9 /* ChatWindow.entitlements */ = {isa = PBXFileReference; lastKnownFileType = text.plist.entitlements; path = ChatWindow.entitlements; sourceTree = "<group>"; };
		910736502B4C67A60068D0F9 /* ChatWindowTests.xctest */ = {isa = PBXFileReference; explicitFileType = wrapper.cfbundle; includeInIndex = 0; path = ChatWindowTests.xctest; sourceTree = BUILT_PRODUCTS_DIR; };
		910736542B4C67A60068D0F9 /* ChatWindowTests.swift */ = {isa = PBXFileReference; lastKnownFileType = sourcecode.swift; path = ChatWindowTests.swift; sourceTree = "<group>"; };
		9107365A2B4C67A60068D0F9 /* ChatWindowUITests.xctest */ = {isa = PBXFileReference; explicitFileType = wrapper.cfbundle; includeInIndex = 0; path = ChatWindowUITests.xctest; sourceTree = BUILT_PRODUCTS_DIR; };
		9107365E2B4C67A60068D0F9 /* ChatWindowUITests.swift */ = {isa = PBXFileReference; lastKnownFileType = sourcecode.swift; path = ChatWindowUITests.swift; sourceTree = "<group>"; };
		910736602B4C67A60068D0F9 /* ChatWindowUITestsLaunchTests.swift */ = {isa = PBXFileReference; lastKnownFileType = sourcecode.swift; path = ChatWindowUITestsLaunchTests.swift; sourceTree = "<group>"; };
		910736702B4C68030068D0F9 /* MessageModel.swift */ = {isa = PBXFileReference; fileEncoding = 4; lastKnownFileType = sourcecode.swift; path = MessageModel.swift; sourceTree = "<group>"; };
		910736712B4C68030068D0F9 /* LectureSelection.swift */ = {isa = PBXFileReference; fileEncoding = 4; lastKnownFileType = sourcecode.swift; path = LectureSelection.swift; sourceTree = "<group>"; };
		910736732B4C68030068D0F9 /* MessageRowView.swift */ = {isa = PBXFileReference; fileEncoding = 4; lastKnownFileType = sourcecode.swift; path = MessageRowView.swift; sourceTree = "<group>"; };
		910736742B4C68030068D0F9 /* ContentView.swift */ = {isa = PBXFileReference; fileEncoding = 4; lastKnownFileType = sourcecode.swift; path = ContentView.swift; sourceTree = "<group>"; };
		910736752B4C68030068D0F9 /* iOSCustomSegmentedControlSwiftUI.swift */ = {isa = PBXFileReference; fileEncoding = 4; lastKnownFileType = sourcecode.swift; path = iOSCustomSegmentedControlSwiftUI.swift; sourceTree = "<group>"; };
		910736772B4C68030068D0F9 /* ChatViewModel.swift */ = {isa = PBXFileReference; fileEncoding = 4; lastKnownFileType = sourcecode.swift; path = ChatViewModel.swift; sourceTree = "<group>"; };
		910736842B4C740F0068D0F9 /* ChatWindowApp.swift */ = {isa = PBXFileReference; fileEncoding = 4; lastKnownFileType = sourcecode.swift; path = ChatWindowApp.swift; sourceTree = "<group>"; };
/* End PBXFileReference section */

/* Begin PBXFrameworksBuildPhase section */
		9107363A2B4C67A30068D0F9 /* Frameworks */ = {
			isa = PBXFrameworksBuildPhase;
			buildActionMask = 2147483647;
			files = (
				910736832B4C68530068D0F9 /* ActivityIndicatorView in Frameworks */,
				910736802B4C68350068D0F9 /* Alamofire in Frameworks */,
			);
			runOnlyForDeploymentPostprocessing = 0;
		};
		9107364D2B4C67A60068D0F9 /* Frameworks */ = {
			isa = PBXFrameworksBuildPhase;
			buildActionMask = 2147483647;
			files = (
			);
			runOnlyForDeploymentPostprocessing = 0;
		};
		910736572B4C67A60068D0F9 /* Frameworks */ = {
			isa = PBXFrameworksBuildPhase;
			buildActionMask = 2147483647;
			files = (
			);
			runOnlyForDeploymentPostprocessing = 0;
		};
/* End PBXFrameworksBuildPhase section */

/* Begin PBXGroup section */
		910736342B4C67A30068D0F9 = {
			isa = PBXGroup;
			children = (
				9107363F2B4C67A30068D0F9 /* ChatWindow */,
				910736532B4C67A60068D0F9 /* ChatWindowTests */,
				9107365D2B4C67A60068D0F9 /* ChatWindowUITests */,
				9107363E2B4C67A30068D0F9 /* Products */,
			);
			sourceTree = "<group>";
		};
		9107363E2B4C67A30068D0F9 /* Products */ = {
			isa = PBXGroup;
			children = (
				9107363D2B4C67A30068D0F9 /* ChatWindow.app */,
				910736502B4C67A60068D0F9 /* ChatWindowTests.xctest */,
				9107365A2B4C67A60068D0F9 /* ChatWindowUITests.xctest */,
			);
			name = Products;
			sourceTree = "<group>";
		};
		9107363F2B4C67A30068D0F9 /* ChatWindow */ = {
			isa = PBXGroup;
			children = (
				9107366F2B4C68030068D0F9 /* Model */,
				910736722B4C68030068D0F9 /* View */,
				910736762B4C68030068D0F9 /* ViewModel */,
				910736842B4C740F0068D0F9 /* ChatWindowApp.swift */,
				910736442B4C67A30068D0F9 /* Item.swift */,
				910736462B4C67A60068D0F9 /* Assets.xcassets */,
				9107364B2B4C67A60068D0F9 /* ChatWindow.entitlements */,
				910736482B4C67A60068D0F9 /* Preview Content */,
			);
			path = ChatWindow;
			sourceTree = "<group>";
		};
		910736482B4C67A60068D0F9 /* Preview Content */ = {
			isa = PBXGroup;
			children = (
				910736492B4C67A60068D0F9 /* Preview Assets.xcassets */,
			);
			path = "Preview Content";
			sourceTree = "<group>";
		};
		910736532B4C67A60068D0F9 /* ChatWindowTests */ = {
			isa = PBXGroup;
			children = (
				910736542B4C67A60068D0F9 /* ChatWindowTests.swift */,
			);
			path = ChatWindowTests;
			sourceTree = "<group>";
		};
		9107365D2B4C67A60068D0F9 /* ChatWindowUITests */ = {
			isa = PBXGroup;
			children = (
				9107365E2B4C67A60068D0F9 /* ChatWindowUITests.swift */,
				910736602B4C67A60068D0F9 /* ChatWindowUITestsLaunchTests.swift */,
			);
			path = ChatWindowUITests;
			sourceTree = "<group>";
		};
		9107366F2B4C68030068D0F9 /* Model */ = {
			isa = PBXGroup;
			children = (
				910736702B4C68030068D0F9 /* MessageModel.swift */,
				910736712B4C68030068D0F9 /* LectureSelection.swift */,
			);
			path = Model;
			sourceTree = "<group>";
		};
		910736722B4C68030068D0F9 /* View */ = {
			isa = PBXGroup;
			children = (
				910736732B4C68030068D0F9 /* MessageRowView.swift */,
				910736742B4C68030068D0F9 /* ContentView.swift */,
				910736752B4C68030068D0F9 /* iOSCustomSegmentedControlSwiftUI.swift */,
			);
			path = View;
			sourceTree = "<group>";
		};
		910736762B4C68030068D0F9 /* ViewModel */ = {
			isa = PBXGroup;
			children = (
				910736772B4C68030068D0F9 /* ChatViewModel.swift */,
			);
			path = ViewModel;
			sourceTree = "<group>";
		};
/* End PBXGroup section */

/* Begin PBXNativeTarget section */
		9107363C2B4C67A30068D0F9 /* ChatWindow */ = {
			isa = PBXNativeTarget;
			buildConfigurationList = 910736642B4C67A60068D0F9 /* Build configuration list for PBXNativeTarget "ChatWindow" */;
			buildPhases = (
				910736392B4C67A30068D0F9 /* Sources */,
				9107363A2B4C67A30068D0F9 /* Frameworks */,
				9107363B2B4C67A30068D0F9 /* Resources */,
			);
			buildRules = (
			);
			dependencies = (
			);
			name = ChatWindow;
			packageProductDependencies = (
				9107367F2B4C68350068D0F9 /* Alamofire */,
				910736822B4C68530068D0F9 /* ActivityIndicatorView */,
			);
			productName = ChatWindow;
			productReference = 9107363D2B4C67A30068D0F9 /* ChatWindow.app */;
			productType = "com.apple.product-type.application";
		};
		9107364F2B4C67A60068D0F9 /* ChatWindowTests */ = {
			isa = PBXNativeTarget;
			buildConfigurationList = 910736672B4C67A60068D0F9 /* Build configuration list for PBXNativeTarget "ChatWindowTests" */;
			buildPhases = (
				9107364C2B4C67A60068D0F9 /* Sources */,
				9107364D2B4C67A60068D0F9 /* Frameworks */,
				9107364E2B4C67A60068D0F9 /* Resources */,
			);
			buildRules = (
			);
			dependencies = (
				910736522B4C67A60068D0F9 /* PBXTargetDependency */,
			);
			name = ChatWindowTests;
			productName = ChatWindowTests;
			productReference = 910736502B4C67A60068D0F9 /* ChatWindowTests.xctest */;
			productType = "com.apple.product-type.bundle.unit-test";
		};
		910736592B4C67A60068D0F9 /* ChatWindowUITests */ = {
			isa = PBXNativeTarget;
			buildConfigurationList = 9107366A2B4C67A60068D0F9 /* Build configuration list for PBXNativeTarget "ChatWindowUITests" */;
			buildPhases = (
				910736562B4C67A60068D0F9 /* Sources */,
				910736572B4C67A60068D0F9 /* Frameworks */,
				910736582B4C67A60068D0F9 /* Resources */,
			);
			buildRules = (
			);
			dependencies = (
				9107365C2B4C67A60068D0F9 /* PBXTargetDependency */,
			);
			name = ChatWindowUITests;
			productName = ChatWindowUITests;
			productReference = 9107365A2B4C67A60068D0F9 /* ChatWindowUITests.xctest */;
			productType = "com.apple.product-type.bundle.ui-testing";
		};
/* End PBXNativeTarget section */

/* Begin PBXProject section */
		910736352B4C67A30068D0F9 /* Project object */ = {
			isa = PBXProject;
			attributes = {
				BuildIndependentTargetsInParallel = 1;
				LastSwiftUpdateCheck = 1500;
				LastUpgradeCheck = 1500;
				TargetAttributes = {
					9107363C2B4C67A30068D0F9 = {
						CreatedOnToolsVersion = 15.0.1;
					};
					9107364F2B4C67A60068D0F9 = {
						CreatedOnToolsVersion = 15.0.1;
						TestTargetID = 9107363C2B4C67A30068D0F9;
					};
					910736592B4C67A60068D0F9 = {
						CreatedOnToolsVersion = 15.0.1;
						TestTargetID = 9107363C2B4C67A30068D0F9;
					};
				};
			};
			buildConfigurationList = 910736382B4C67A30068D0F9 /* Build configuration list for PBXProject "ChatWindow" */;
			compatibilityVersion = "Xcode 14.0";
			developmentRegion = en;
			hasScannedForEncodings = 0;
			knownRegions = (
				en,
				Base,
			);
			mainGroup = 910736342B4C67A30068D0F9;
			packageReferences = (
				9107367E2B4C68350068D0F9 /* XCRemoteSwiftPackageReference "Alamofire" */,
				910736812B4C68530068D0F9 /* XCRemoteSwiftPackageReference "ActivityIndicatorView" */,
			);
			productRefGroup = 9107363E2B4C67A30068D0F9 /* Products */;
			projectDirPath = "";
			projectRoot = "";
			targets = (
				9107363C2B4C67A30068D0F9 /* ChatWindow */,
				9107364F2B4C67A60068D0F9 /* ChatWindowTests */,
				910736592B4C67A60068D0F9 /* ChatWindowUITests */,
			);
		};
/* End PBXProject section */

/* Begin PBXResourcesBuildPhase section */
		9107363B2B4C67A30068D0F9 /* Resources */ = {
			isa = PBXResourcesBuildPhase;
			buildActionMask = 2147483647;
			files = (
				9107364A2B4C67A60068D0F9 /* Preview Assets.xcassets in Resources */,
				910736472B4C67A60068D0F9 /* Assets.xcassets in Resources */,
			);
			runOnlyForDeploymentPostprocessing = 0;
		};
		9107364E2B4C67A60068D0F9 /* Resources */ = {
			isa = PBXResourcesBuildPhase;
			buildActionMask = 2147483647;
			files = (
			);
			runOnlyForDeploymentPostprocessing = 0;
		};
		910736582B4C67A60068D0F9 /* Resources */ = {
			isa = PBXResourcesBuildPhase;
			buildActionMask = 2147483647;
			files = (
			);
			runOnlyForDeploymentPostprocessing = 0;
		};
/* End PBXResourcesBuildPhase section */

/* Begin PBXSourcesBuildPhase section */
		910736392B4C67A30068D0F9 /* Sources */ = {
			isa = PBXSourcesBuildPhase;
			buildActionMask = 2147483647;
			files = (
				910736452B4C67A30068D0F9 /* Item.swift in Sources */,
				9107367A2B4C68030068D0F9 /* MessageRowView.swift in Sources */,
				910736852B4C740F0068D0F9 /* ChatWindowApp.swift in Sources */,
				9107367D2B4C68030068D0F9 /* ChatViewModel.swift in Sources */,
				9107367B2B4C68030068D0F9 /* ContentView.swift in Sources */,
				910736782B4C68030068D0F9 /* MessageModel.swift in Sources */,
				9107367C2B4C68030068D0F9 /* iOSCustomSegmentedControlSwiftUI.swift in Sources */,
				910736792B4C68030068D0F9 /* LectureSelection.swift in Sources */,
			);
			runOnlyForDeploymentPostprocessing = 0;
		};
		9107364C2B4C67A60068D0F9 /* Sources */ = {
			isa = PBXSourcesBuildPhase;
			buildActionMask = 2147483647;
			files = (
				910736552B4C67A60068D0F9 /* ChatWindowTests.swift in Sources */,
			);
			runOnlyForDeploymentPostprocessing = 0;
		};
		910736562B4C67A60068D0F9 /* Sources */ = {
			isa = PBXSourcesBuildPhase;
			buildActionMask = 2147483647;
			files = (
				910736612B4C67A60068D0F9 /* ChatWindowUITestsLaunchTests.swift in Sources */,
				9107365F2B4C67A60068D0F9 /* ChatWindowUITests.swift in Sources */,
			);
			runOnlyForDeploymentPostprocessing = 0;
		};
/* End PBXSourcesBuildPhase section */

/* Begin PBXTargetDependency section */
		910736522B4C67A60068D0F9 /* PBXTargetDependency */ = {
			isa = PBXTargetDependency;
			target = 9107363C2B4C67A30068D0F9 /* ChatWindow */;
			targetProxy = 910736512B4C67A60068D0F9 /* PBXContainerItemProxy */;
		};
		9107365C2B4C67A60068D0F9 /* PBXTargetDependency */ = {
			isa = PBXTargetDependency;
			target = 9107363C2B4C67A30068D0F9 /* ChatWindow */;
			targetProxy = 9107365B2B4C67A60068D0F9 /* PBXContainerItemProxy */;
		};
/* End PBXTargetDependency section */

/* Begin XCBuildConfiguration section */
		910736622B4C67A60068D0F9 /* Debug */ = {
			isa = XCBuildConfiguration;
			buildSettings = {
				ALWAYS_SEARCH_USER_PATHS = NO;
				ASSETCATALOG_COMPILER_GENERATE_SWIFT_ASSET_SYMBOL_EXTENSIONS = YES;
				CLANG_ANALYZER_NONNULL = YES;
				CLANG_ANALYZER_NUMBER_OBJECT_CONVERSION = YES_AGGRESSIVE;
				CLANG_CXX_LANGUAGE_STANDARD = "gnu++20";
				CLANG_ENABLE_MODULES = YES;
				CLANG_ENABLE_OBJC_ARC = YES;
				CLANG_ENABLE_OBJC_WEAK = YES;
				CLANG_WARN_BLOCK_CAPTURE_AUTORELEASING = YES;
				CLANG_WARN_BOOL_CONVERSION = YES;
				CLANG_WARN_COMMA = YES;
				CLANG_WARN_CONSTANT_CONVERSION = YES;
				CLANG_WARN_DEPRECATED_OBJC_IMPLEMENTATIONS = YES;
				CLANG_WARN_DIRECT_OBJC_ISA_USAGE = YES_ERROR;
				CLANG_WARN_DOCUMENTATION_COMMENTS = YES;
				CLANG_WARN_EMPTY_BODY = YES;
				CLANG_WARN_ENUM_CONVERSION = YES;
				CLANG_WARN_INFINITE_RECURSION = YES;
				CLANG_WARN_INT_CONVERSION = YES;
				CLANG_WARN_NON_LITERAL_NULL_CONVERSION = YES;
				CLANG_WARN_OBJC_IMPLICIT_RETAIN_SELF = YES;
				CLANG_WARN_OBJC_LITERAL_CONVERSION = YES;
				CLANG_WARN_OBJC_ROOT_CLASS = YES_ERROR;
				CLANG_WARN_QUOTED_INCLUDE_IN_FRAMEWORK_HEADER = YES;
				CLANG_WARN_RANGE_LOOP_ANALYSIS = YES;
				CLANG_WARN_STRICT_PROTOTYPES = YES;
				CLANG_WARN_SUSPICIOUS_MOVE = YES;
				CLANG_WARN_UNGUARDED_AVAILABILITY = YES_AGGRESSIVE;
				CLANG_WARN_UNREACHABLE_CODE = YES;
				CLANG_WARN__DUPLICATE_METHOD_MATCH = YES;
				COPY_PHASE_STRIP = NO;
				DEBUG_INFORMATION_FORMAT = dwarf;
				ENABLE_STRICT_OBJC_MSGSEND = YES;
				ENABLE_TESTABILITY = YES;
				ENABLE_USER_SCRIPT_SANDBOXING = YES;
				GCC_C_LANGUAGE_STANDARD = gnu17;
				GCC_DYNAMIC_NO_PIC = NO;
				GCC_NO_COMMON_BLOCKS = YES;
				GCC_OPTIMIZATION_LEVEL = 0;
				GCC_PREPROCESSOR_DEFINITIONS = (
					"DEBUG=1",
					"$(inherited)",
				);
				GCC_WARN_64_TO_32_BIT_CONVERSION = YES;
				GCC_WARN_ABOUT_RETURN_TYPE = YES_ERROR;
				GCC_WARN_UNDECLARED_SELECTOR = YES;
				GCC_WARN_UNINITIALIZED_AUTOS = YES_AGGRESSIVE;
				GCC_WARN_UNUSED_FUNCTION = YES;
				GCC_WARN_UNUSED_VARIABLE = YES;
				LOCALIZATION_PREFERS_STRING_CATALOGS = YES;
				MACOSX_DEPLOYMENT_TARGET = 14.0;
				MTL_ENABLE_DEBUG_INFO = INCLUDE_SOURCE;
				MTL_FAST_MATH = YES;
				ONLY_ACTIVE_ARCH = YES;
				SDKROOT = macosx;
				SWIFT_ACTIVE_COMPILATION_CONDITIONS = "DEBUG $(inherited)";
				SWIFT_OPTIMIZATION_LEVEL = "-Onone";
			};
			name = Debug;
		};
		910736632B4C67A60068D0F9 /* Release */ = {
			isa = XCBuildConfiguration;
			buildSettings = {
				ALWAYS_SEARCH_USER_PATHS = NO;
				ASSETCATALOG_COMPILER_GENERATE_SWIFT_ASSET_SYMBOL_EXTENSIONS = YES;
				CLANG_ANALYZER_NONNULL = YES;
				CLANG_ANALYZER_NUMBER_OBJECT_CONVERSION = YES_AGGRESSIVE;
				CLANG_CXX_LANGUAGE_STANDARD = "gnu++20";
				CLANG_ENABLE_MODULES = YES;
				CLANG_ENABLE_OBJC_ARC = YES;
				CLANG_ENABLE_OBJC_WEAK = YES;
				CLANG_WARN_BLOCK_CAPTURE_AUTORELEASING = YES;
				CLANG_WARN_BOOL_CONVERSION = YES;
				CLANG_WARN_COMMA = YES;
				CLANG_WARN_CONSTANT_CONVERSION = YES;
				CLANG_WARN_DEPRECATED_OBJC_IMPLEMENTATIONS = YES;
				CLANG_WARN_DIRECT_OBJC_ISA_USAGE = YES_ERROR;
				CLANG_WARN_DOCUMENTATION_COMMENTS = YES;
				CLANG_WARN_EMPTY_BODY = YES;
				CLANG_WARN_ENUM_CONVERSION = YES;
				CLANG_WARN_INFINITE_RECURSION = YES;
				CLANG_WARN_INT_CONVERSION = YES;
				CLANG_WARN_NON_LITERAL_NULL_CONVERSION = YES;
				CLANG_WARN_OBJC_IMPLICIT_RETAIN_SELF = YES;
				CLANG_WARN_OBJC_LITERAL_CONVERSION = YES;
				CLANG_WARN_OBJC_ROOT_CLASS = YES_ERROR;
				CLANG_WARN_QUOTED_INCLUDE_IN_FRAMEWORK_HEADER = YES;
				CLANG_WARN_RANGE_LOOP_ANALYSIS = YES;
				CLANG_WARN_STRICT_PROTOTYPES = YES;
				CLANG_WARN_SUSPICIOUS_MOVE = YES;
				CLANG_WARN_UNGUARDED_AVAILABILITY = YES_AGGRESSIVE;
				CLANG_WARN_UNREACHABLE_CODE = YES;
				CLANG_WARN__DUPLICATE_METHOD_MATCH = YES;
				COPY_PHASE_STRIP = NO;
				DEBUG_INFORMATION_FORMAT = "dwarf-with-dsym";
				ENABLE_NS_ASSERTIONS = NO;
				ENABLE_STRICT_OBJC_MSGSEND = YES;
				ENABLE_USER_SCRIPT_SANDBOXING = YES;
				GCC_C_LANGUAGE_STANDARD = gnu17;
				GCC_NO_COMMON_BLOCKS = YES;
				GCC_WARN_64_TO_32_BIT_CONVERSION = YES;
				GCC_WARN_ABOUT_RETURN_TYPE = YES_ERROR;
				GCC_WARN_UNDECLARED_SELECTOR = YES;
				GCC_WARN_UNINITIALIZED_AUTOS = YES_AGGRESSIVE;
				GCC_WARN_UNUSED_FUNCTION = YES;
				GCC_WARN_UNUSED_VARIABLE = YES;
				LOCALIZATION_PREFERS_STRING_CATALOGS = YES;
				MACOSX_DEPLOYMENT_TARGET = 14.0;
				MTL_ENABLE_DEBUG_INFO = NO;
				MTL_FAST_MATH = YES;
				SDKROOT = macosx;
				SWIFT_COMPILATION_MODE = wholemodule;
			};
			name = Release;
		};
		910736652B4C67A60068D0F9 /* Debug */ = {
			isa = XCBuildConfiguration;
			buildSettings = {
				ASSETCATALOG_COMPILER_APPICON_NAME = AppIcon;
				ASSETCATALOG_COMPILER_GLOBAL_ACCENT_COLOR_NAME = AccentColor;
				CODE_SIGN_ENTITLEMENTS = ChatWindow/ChatWindow.entitlements;
				"CODE_SIGN_IDENTITY[sdk=macosx*]" = "-";
				CODE_SIGN_STYLE = Automatic;
				COMBINE_HIDPI_IMAGES = YES;
				CURRENT_PROJECT_VERSION = 1;
				DEVELOPMENT_ASSET_PATHS = "\"ChatWindow/Preview Content\"";
				DEVELOPMENT_TEAM = 7PLLZ436SG;
				ENABLE_HARDENED_RUNTIME = YES;
				ENABLE_PREVIEWS = YES;
				GENERATE_INFOPLIST_FILE = YES;
				INFOPLIST_KEY_NSHumanReadableCopyright = "";
				LD_RUNPATH_SEARCH_PATHS = (
					"$(inherited)",
					"@executable_path/../Frameworks",
				);
				MACOSX_DEPLOYMENT_TARGET = 14.0;
				MARKETING_VERSION = 1.0;
				PRODUCT_BUNDLE_IDENTIFIER = com.Yassine.ChatWindow;
				PRODUCT_NAME = "$(TARGET_NAME)";
				SWIFT_EMIT_LOC_STRINGS = YES;
				SWIFT_VERSION = 5.0;
			};
			name = Debug;
		};
		910736662B4C67A60068D0F9 /* Release */ = {
			isa = XCBuildConfiguration;
			buildSettings = {
				ASSETCATALOG_COMPILER_APPICON_NAME = AppIcon;
				ASSETCATALOG_COMPILER_GLOBAL_ACCENT_COLOR_NAME = AccentColor;
				CODE_SIGN_ENTITLEMENTS = ChatWindow/ChatWindow.entitlements;
				"CODE_SIGN_IDENTITY[sdk=macosx*]" = "-";
				CODE_SIGN_STYLE = Automatic;
				COMBINE_HIDPI_IMAGES = YES;
				CURRENT_PROJECT_VERSION = 1;
				DEVELOPMENT_ASSET_PATHS = "\"ChatWindow/Preview Content\"";
				DEVELOPMENT_TEAM = 7PLLZ436SG;
				ENABLE_HARDENED_RUNTIME = YES;
				ENABLE_PREVIEWS = YES;
				GENERATE_INFOPLIST_FILE = YES;
				INFOPLIST_KEY_NSHumanReadableCopyright = "";
				LD_RUNPATH_SEARCH_PATHS = (
					"$(inherited)",
					"@executable_path/../Frameworks",
				);
				MACOSX_DEPLOYMENT_TARGET = 14.0;
				MARKETING_VERSION = 1.0;
				PRODUCT_BUNDLE_IDENTIFIER = com.Yassine.ChatWindow;
				PRODUCT_NAME = "$(TARGET_NAME)";
				SWIFT_EMIT_LOC_STRINGS = YES;
				SWIFT_VERSION = 5.0;
			};
			name = Release;
		};
		910736682B4C67A60068D0F9 /* Debug */ = {
			isa = XCBuildConfiguration;
			buildSettings = {
				ALWAYS_EMBED_SWIFT_STANDARD_LIBRARIES = YES;
				BUNDLE_LOADER = "$(TEST_HOST)";
				CODE_SIGN_STYLE = Automatic;
				CURRENT_PROJECT_VERSION = 1;
				DEVELOPMENT_TEAM = 7PLLZ436SG;
				GENERATE_INFOPLIST_FILE = YES;
				MACOSX_DEPLOYMENT_TARGET = 14.0;
				MARKETING_VERSION = 1.0;
				PRODUCT_BUNDLE_IDENTIFIER = com.Yassine.ChatWindowTests;
				PRODUCT_NAME = "$(TARGET_NAME)";
				SWIFT_EMIT_LOC_STRINGS = NO;
				SWIFT_VERSION = 5.0;
				TEST_HOST = "$(BUILT_PRODUCTS_DIR)/ChatWindow.app/$(BUNDLE_EXECUTABLE_FOLDER_PATH)/ChatWindow";
			};
			name = Debug;
		};
		910736692B4C67A60068D0F9 /* Release */ = {
			isa = XCBuildConfiguration;
			buildSettings = {
				ALWAYS_EMBED_SWIFT_STANDARD_LIBRARIES = YES;
				BUNDLE_LOADER = "$(TEST_HOST)";
				CODE_SIGN_STYLE = Automatic;
				CURRENT_PROJECT_VERSION = 1;
				DEVELOPMENT_TEAM = 7PLLZ436SG;
				GENERATE_INFOPLIST_FILE = YES;
				MACOSX_DEPLOYMENT_TARGET = 14.0;
				MARKETING_VERSION = 1.0;
				PRODUCT_BUNDLE_IDENTIFIER = com.Yassine.ChatWindowTests;
				PRODUCT_NAME = "$(TARGET_NAME)";
				SWIFT_EMIT_LOC_STRINGS = NO;
				SWIFT_VERSION = 5.0;
				TEST_HOST = "$(BUILT_PRODUCTS_DIR)/ChatWindow.app/$(BUNDLE_EXECUTABLE_FOLDER_PATH)/ChatWindow";
			};
			name = Release;
		};
		9107366B2B4C67A60068D0F9 /* Debug */ = {
			isa = XCBuildConfiguration;
			buildSettings = {
				ALWAYS_EMBED_SWIFT_STANDARD_LIBRARIES = YES;
				CODE_SIGN_STYLE = Automatic;
				CURRENT_PROJECT_VERSION = 1;
				DEVELOPMENT_TEAM = 7PLLZ436SG;
				GENERATE_INFOPLIST_FILE = YES;
				MARKETING_VERSION = 1.0;
				PRODUCT_BUNDLE_IDENTIFIER = com.Yassine.ChatWindowUITests;
				PRODUCT_NAME = "$(TARGET_NAME)";
				SWIFT_EMIT_LOC_STRINGS = NO;
				SWIFT_VERSION = 5.0;
				TEST_TARGET_NAME = ChatWindow;
			};
			name = Debug;
		};
		9107366C2B4C67A60068D0F9 /* Release */ = {
			isa = XCBuildConfiguration;
			buildSettings = {
				ALWAYS_EMBED_SWIFT_STANDARD_LIBRARIES = YES;
				CODE_SIGN_STYLE = Automatic;
				CURRENT_PROJECT_VERSION = 1;
				DEVELOPMENT_TEAM = 7PLLZ436SG;
				GENERATE_INFOPLIST_FILE = YES;
				MARKETING_VERSION = 1.0;
				PRODUCT_BUNDLE_IDENTIFIER = com.Yassine.ChatWindowUITests;
				PRODUCT_NAME = "$(TARGET_NAME)";
				SWIFT_EMIT_LOC_STRINGS = NO;
				SWIFT_VERSION = 5.0;
				TEST_TARGET_NAME = ChatWindow;
			};
			name = Release;
		};
/* End XCBuildConfiguration section */

/* Begin XCConfigurationList section */
		910736382B4C67A30068D0F9 /* Build configuration list for PBXProject "ChatWindow" */ = {
			isa = XCConfigurationList;
			buildConfigurations = (
				910736622B4C67A60068D0F9 /* Debug */,
				910736632B4C67A60068D0F9 /* Release */,
			);
			defaultConfigurationIsVisible = 0;
			defaultConfigurationName = Release;
		};
		910736642B4C67A60068D0F9 /* Build configuration list for PBXNativeTarget "ChatWindow" */ = {
			isa = XCConfigurationList;
			buildConfigurations = (
				910736652B4C67A60068D0F9 /* Debug */,
				910736662B4C67A60068D0F9 /* Release */,
			);
			defaultConfigurationIsVisible = 0;
			defaultConfigurationName = Release;
		};
		910736672B4C67A60068D0F9 /* Build configuration list for PBXNativeTarget "ChatWindowTests" */ = {
			isa = XCConfigurationList;
			buildConfigurations = (
				910736682B4C67A60068D0F9 /* Debug */,
				910736692B4C67A60068D0F9 /* Release */,
			);
			defaultConfigurationIsVisible = 0;
			defaultConfigurationName = Release;
		};
		9107366A2B4C67A60068D0F9 /* Build configuration list for PBXNativeTarget "ChatWindowUITests" */ = {
			isa = XCConfigurationList;
			buildConfigurations = (
				9107366B2B4C67A60068D0F9 /* Debug */,
				9107366C2B4C67A60068D0F9 /* Release */,
			);
			defaultConfigurationIsVisible = 0;
			defaultConfigurationName = Release;
		};
/* End XCConfigurationList section */

/* Begin XCRemoteSwiftPackageReference section */
		9107367E2B4C68350068D0F9 /* XCRemoteSwiftPackageReference "Alamofire" */ = {
			isa = XCRemoteSwiftPackageReference;
			repositoryURL = "https://github.com/Alamofire/Alamofire.git";
			requirement = {
				kind = upToNextMajorVersion;
				minimumVersion = 5.8.1;
			};
		};
		910736812B4C68530068D0F9 /* XCRemoteSwiftPackageReference "ActivityIndicatorView" */ = {
			isa = XCRemoteSwiftPackageReference;
			repositoryURL = "https://github.com/exyte/ActivityIndicatorView.git";
			requirement = {
				kind = upToNextMajorVersion;
				minimumVersion = 1.1.1;
			};
		};
/* End XCRemoteSwiftPackageReference section */

/* Begin XCSwiftPackageProductDependency section */
		9107367F2B4C68350068D0F9 /* Alamofire */ = {
			isa = XCSwiftPackageProductDependency;
			package = 9107367E2B4C68350068D0F9 /* XCRemoteSwiftPackageReference "Alamofire" */;
			productName = Alamofire;
		};
		910736822B4C68530068D0F9 /* ActivityIndicatorView */ = {
			isa = XCSwiftPackageProductDependency;
			package = 910736812B4C68530068D0F9 /* XCRemoteSwiftPackageReference "ActivityIndicatorView" */;
			productName = ActivityIndicatorView;
		};
/* End XCSwiftPackageProductDependency section */
	};
	rootObject = 910736352B4C67A30068D0F9 /* Project object */;
}
